// !$*UTF8*$!
{
	archiveVersion = 1;
	classes = {
	};
	objectVersion = 48;
	objects = {

/* Begin PBXBuildFile section */
		DB26EB92206E171B00E87A7C /* AppDelegate.swift in Sources */ = {isa = PBXBuildFile; fileRef = DB26EB91206E171B00E87A7C /* AppDelegate.swift */; };
		DB26EB94206E171B00E87A7C /* ViewController.swift in Sources */ = {isa = PBXBuildFile; fileRef = DB26EB93206E171B00E87A7C /* ViewController.swift */; };
		DB26EB97206E171B00E87A7C /* Main.storyboard in Resources */ = {isa = PBXBuildFile; fileRef = DB26EB95206E171B00E87A7C /* Main.storyboard */; };
		DB26EB9C206E171B00E87A7C /* LaunchScreen.storyboard in Resources */ = {isa = PBXBuildFile; fileRef = DB26EB9A206E171B00E87A7C /* LaunchScreen.storyboard */; };
		DB26EBAC206E1B8400E87A7C /* RapidLogger.m in Sources */ = {isa = PBXBuildFile; fileRef = DB26EBA4206E1B8100E87A7C /* RapidLogger.m */; };
		DB26EBAD206E1B8400E87A7C /* RapidDocumentDetailController.swift in Sources */ = {isa = PBXBuildFile; fileRef = DB26EBA7206E1B8200E87A7C /* RapidDocumentDetailController.swift */; };
		DB26EBAE206E1B8400E87A7C /* LoggerHelper.swift in Sources */ = {isa = PBXBuildFile; fileRef = DB26EBA9206E1B8300E87A7C /* LoggerHelper.swift */; };
		DB26EBAF206E1B8400E87A7C /* RapidDocumentController.swift in Sources */ = {isa = PBXBuildFile; fileRef = DB26EBAA206E1B8300E87A7C /* RapidDocumentController.swift */; };
		DB26EBB0206E1B8400E87A7C /* RapidScreenRecorder.m in Sources */ = {isa = PBXBuildFile; fileRef = DB26EBAB206E1B8400E87A7C /* RapidScreenRecorder.m */; };
/* End PBXBuildFile section */

/* Begin PBXFileReference section */
		DB26EB8E206E171B00E87A7C /* DevLogger.app */ = {isa = PBXFileReference; explicitFileType = wrapper.application; includeInIndex = 0; path = DevLogger.app; sourceTree = BUILT_PRODUCTS_DIR; };
		DB26EB91206E171B00E87A7C /* AppDelegate.swift */ = {isa = PBXFileReference; lastKnownFileType = sourcecode.swift; path = AppDelegate.swift; sourceTree = "<group>"; };
		DB26EB93206E171B00E87A7C /* ViewController.swift */ = {isa = PBXFileReference; lastKnownFileType = sourcecode.swift; path = ViewController.swift; sourceTree = "<group>"; };
		DB26EB96206E171B00E87A7C /* Base */ = {isa = PBXFileReference; lastKnownFileType = file.storyboard; name = Base; path = Base.lproj/Main.storyboard; sourceTree = "<group>"; };
		DB26EB9B206E171B00E87A7C /* Base */ = {isa = PBXFileReference; lastKnownFileType = file.storyboard; name = Base; path = Base.lproj/LaunchScreen.storyboard; sourceTree = "<group>"; };
		DB26EB9D206E171B00E87A7C /* Info.plist */ = {isa = PBXFileReference; lastKnownFileType = text.plist.xml; path = Info.plist; sourceTree = "<group>"; };
		DB26EBA3206E1B8000E87A7C /* DevLogger-Bridging-Header.h */ = {isa = PBXFileReference; lastKnownFileType = sourcecode.c.h; path = "DevLogger-Bridging-Header.h"; sourceTree = "<group>"; };
		DB26EBA4206E1B8100E87A7C /* RapidLogger.m */ = {isa = PBXFileReference; fileEncoding = 4; lastKnownFileType = sourcecode.c.objc; path = RapidLogger.m; sourceTree = "<group>"; };
		DB26EBA5206E1B8200E87A7C /* RapidScreenRecorder.h */ = {isa = PBXFileReference; fileEncoding = 4; lastKnownFileType = sourcecode.c.h; path = RapidScreenRecorder.h; sourceTree = "<group>"; };
		DB26EBA7206E1B8200E87A7C /* RapidDocumentDetailController.swift */ = {isa = PBXFileReference; fileEncoding = 4; lastKnownFileType = sourcecode.swift; path = RapidDocumentDetailController.swift; sourceTree = "<group>"; };
		DB26EBA8206E1B8200E87A7C /* RapidLogger.h */ = {isa = PBXFileReference; fileEncoding = 4; lastKnownFileType = sourcecode.c.h; path = RapidLogger.h; sourceTree = "<group>"; };
		DB26EBA9206E1B8300E87A7C /* LoggerHelper.swift */ = {isa = PBXFileReference; fileEncoding = 4; lastKnownFileType = sourcecode.swift; path = LoggerHelper.swift; sourceTree = "<group>"; };
		DB26EBAA206E1B8300E87A7C /* RapidDocumentController.swift */ = {isa = PBXFileReference; fileEncoding = 4; lastKnownFileType = sourcecode.swift; path = RapidDocumentController.swift; sourceTree = "<group>"; };
		DB26EBAB206E1B8400E87A7C /* RapidScreenRecorder.m */ = {isa = PBXFileReference; fileEncoding = 4; lastKnownFileType = sourcecode.c.objc; path = RapidScreenRecorder.m; sourceTree = "<group>"; };
/* End PBXFileReference section */

/* Begin PBXFrameworksBuildPhase section */
		DB26EB8B206E171B00E87A7C /* Frameworks */ = {
			isa = PBXFrameworksBuildPhase;
			buildActionMask = 2147483647;
			files = (
			);
			runOnlyForDeploymentPostprocessing = 0;
		};
/* End PBXFrameworksBuildPhase section */

/* Begin PBXGroup section */
		DB26EB85206E171B00E87A7C = {
			isa = PBXGroup;
			children = (
				DB26EB90206E171B00E87A7C /* DevLogger */,
				DB26EB8F206E171B00E87A7C /* Products */,
			);
			sourceTree = "<group>";
		};
		DB26EB8F206E171B00E87A7C /* Products */ = {
			isa = PBXGroup;
			children = (
				DB26EB8E206E171B00E87A7C /* DevLogger.app */,
			);
			name = Products;
			sourceTree = "<group>";
		};
		DB26EB90206E171B00E87A7C /* DevLogger */ = {
			isa = PBXGroup;
			children = (
				DB26EB91206E171B00E87A7C /* AppDelegate.swift */,
				DB26EB93206E171B00E87A7C /* ViewController.swift */,
				DB26EBA9206E1B8300E87A7C /* LoggerHelper.swift */,
				DB26EBAA206E1B8300E87A7C /* RapidDocumentController.swift */,
				DB26EBA7206E1B8200E87A7C /* RapidDocumentDetailController.swift */,
				DB26EBA8206E1B8200E87A7C /* RapidLogger.h */,
				DB26EBA4206E1B8100E87A7C /* RapidLogger.m */,
				DB26EBA5206E1B8200E87A7C /* RapidScreenRecorder.h */,
				DB26EBAB206E1B8400E87A7C /* RapidScreenRecorder.m */,
				DB26EBA3206E1B8000E87A7C /* DevLogger-Bridging-Header.h */,
				DB26EB95206E171B00E87A7C /* Main.storyboard */,
				DB26EB9A206E171B00E87A7C /* LaunchScreen.storyboard */,
				DB26EB9D206E171B00E87A7C /* Info.plist */,
			);
			path = DevLogger;
			sourceTree = "<group>";
		};
/* End PBXGroup section */

/* Begin PBXNativeTarget section */
		DB26EB8D206E171B00E87A7C /* DevLogger */ = {
			isa = PBXNativeTarget;
			buildConfigurationList = DB26EBA0206E171B00E87A7C /* Build configuration list for PBXNativeTarget "DevLogger" */;
			buildPhases = (
				DB26EB8A206E171B00E87A7C /* Sources */,
				DB26EB8B206E171B00E87A7C /* Frameworks */,
				DB26EB8C206E171B00E87A7C /* Resources */,
			);
			buildRules = (
			);
			dependencies = (
			);
			name = DevLogger;
			productName = DevLogger;
			productReference = DB26EB8E206E171B00E87A7C /* DevLogger.app */;
			productType = "com.apple.product-type.application";
		};
/* End PBXNativeTarget section */

/* Begin PBXProject section */
		DB26EB86206E171B00E87A7C /* Project object */ = {
			isa = PBXProject;
			attributes = {
				LastSwiftUpdateCheck = 0920;
				LastUpgradeCheck = 0920;
				ORGANIZATIONNAME = Orbysol;
				TargetAttributes = {
					DB26EB8D206E171B00E87A7C = {
						CreatedOnToolsVersion = 9.2;
						LastSwiftMigration = 0920;
						ProvisioningStyle = Automatic;
					};
				};
			};
			buildConfigurationList = DB26EB89206E171B00E87A7C /* Build configuration list for PBXProject "DevLogger" */;
			compatibilityVersion = "Xcode 8.0";
			developmentRegion = en;
			hasScannedForEncodings = 0;
			knownRegions = (
				en,
				Base,
			);
			mainGroup = DB26EB85206E171B00E87A7C;
			productRefGroup = DB26EB8F206E171B00E87A7C /* Products */;
			projectDirPath = "";
			projectRoot = "";
			targets = (
				DB26EB8D206E171B00E87A7C /* DevLogger */,
			);
		};
/* End PBXProject section */

/* Begin PBXResourcesBuildPhase section */
		DB26EB8C206E171B00E87A7C /* Resources */ = {
			isa = PBXResourcesBuildPhase;
			buildActionMask = 2147483647;
			files = (
				DB26EB9C206E171B00E87A7C /* LaunchScreen.storyboard in Resources */,
				DB26EB97206E171B00E87A7C /* Main.storyboard in Resources */,
			);
			runOnlyForDeploymentPostprocessing = 0;
		};
/* End PBXResourcesBuildPhase section */

/* Begin PBXSourcesBuildPhase section */
		DB26EB8A206E171B00E87A7C /* Sources */ = {
			isa = PBXSourcesBuildPhase;
			buildActionMask = 2147483647;
			files = (
				DB26EBAD206E1B8400E87A7C /* RapidDocumentDetailController.swift in Sources */,
				DB26EBAE206E1B8400E87A7C /* LoggerHelper.swift in Sources */,
				DB26EBAC206E1B8400E87A7C /* RapidLogger.m in Sources */,
				DB26EB94206E171B00E87A7C /* ViewController.swift in Sources */,
				DB26EBB0206E1B8400E87A7C /* RapidScreenRecorder.m in Sources */,
				DB26EB92206E171B00E87A7C /* AppDelegate.swift in Sources */,
				DB26EBAF206E1B8400E87A7C /* RapidDocumentController.swift in Sources */,
			);
			runOnlyForDeploymentPostprocessing = 0;
		};
/* End PBXSourcesBuildPhase section */

/* Begin PBXVariantGroup section */
		DB26EB95206E171B00E87A7C /* Main.storyboard */ = {
			isa = PBXVariantGroup;
			children = (
				DB26EB96206E171B00E87A7C /* Base */,
			);
			name = Main.storyboard;
			sourceTree = "<group>";
		};
		DB26EB9A206E171B00E87A7C /* LaunchScreen.storyboard */ = {
			isa = PBXVariantGroup;
			children = (
				DB26EB9B206E171B00E87A7C /* Base */,
			);
			name = LaunchScreen.storyboard;
			sourceTree = "<group>";
		};
/* End PBXVariantGroup section */

/* Begin XCBuildConfiguration section */
		DB26EB9E206E171B00E87A7C /* Debug */ = {
			isa = XCBuildConfiguration;
			buildSettings = {
				ALWAYS_SEARCH_USER_PATHS = NO;
				CLANG_ANALYZER_NONNULL = YES;
				CLANG_ANALYZER_NUMBER_OBJECT_CONVERSION = YES_AGGRESSIVE;
				CLANG_CXX_LANGUAGE_STANDARD = "gnu++14";
				CLANG_CXX_LIBRARY = "libc++";
				CLANG_ENABLE_MODULES = YES;
				CLANG_ENABLE_OBJC_ARC = YES;
				CLANG_WARN_BLOCK_CAPTURE_AUTORELEASING = YES;
				CLANG_WARN_BOOL_CONVERSION = YES;
				CLANG_WARN_COMMA = YES;
				CLANG_WARN_CONSTANT_CONVERSION = YES;
				CLANG_WARN_DIRECT_OBJC_ISA_USAGE = YES_ERROR;
				CLANG_WARN_DOCUMENTATION_COMMENTS = YES;
				CLANG_WARN_EMPTY_BODY = YES;
				CLANG_WARN_ENUM_CONVERSION = YES;
				CLANG_WARN_INFINITE_RECURSION = YES;
				CLANG_WARN_INT_CONVERSION = YES;
				CLANG_WARN_NON_LITERAL_NULL_CONVERSION = YES;
				CLANG_WARN_OBJC_LITERAL_CONVERSION = YES;
				CLANG_WARN_OBJC_ROOT_CLASS = YES_ERROR;
				CLANG_WARN_RANGE_LOOP_ANALYSIS = YES;
				CLANG_WARN_STRICT_PROTOTYPES = YES;
				CLANG_WARN_SUSPICIOUS_MOVE = YES;
				CLANG_WARN_UNGUARDED_AVAILABILITY = YES_AGGRESSIVE;
				CLANG_WARN_UNREACHABLE_CODE = YES;
				CLANG_WARN__DUPLICATE_METHOD_MATCH = YES;
				CODE_SIGN_IDENTITY = "iPhone Developer";
				COPY_PHASE_STRIP = NO;
				DEBUG_INFORMATION_FORMAT = dwarf;
				ENABLE_STRICT_OBJC_MSGSEND = YES;
				ENABLE_TESTABILITY = YES;
				GCC_C_LANGUAGE_STANDARD = gnu11;
				GCC_DYNAMIC_NO_PIC = NO;
				GCC_NO_COMMON_BLOCKS = YES;
				GCC_OPTIMIZATION_LEVEL = 0;
				GCC_PREPROCESSOR_DEFINITIONS = (
					"DEBUG=1",
					"$(inherited)",
				);
				GCC_WARN_64_TO_32_BIT_CONVERSION = YES;
				GCC_WARN_ABOUT_RETURN_TYPE = YES_ERROR;
				GCC_WARN_UNDECLARED_SELECTOR = YES;
				GCC_WARN_UNINITIALIZED_AUTOS = YES_AGGRESSIVE;
				GCC_WARN_UNUSED_FUNCTION = YES;
				GCC_WARN_UNUSED_VARIABLE = YES;
				IPHONEOS_DEPLOYMENT_TARGET = 11.2;
				MTL_ENABLE_DEBUG_INFO = YES;
				ONLY_ACTIVE_ARCH = YES;
				SDKROOT = iphoneos;
				SWIFT_ACTIVE_COMPILATION_CONDITIONS = DEBUG;
				SWIFT_OPTIMIZATION_LEVEL = "-Onone";
			};
			name = Debug;
		};
		DB26EB9F206E171B00E87A7C /* Release */ = {
			isa = XCBuildConfiguration;
			buildSettings = {
				ALWAYS_SEARCH_USER_PATHS = NO;
				CLANG_ANALYZER_NONNULL = YES;
				CLANG_ANALYZER_NUMBER_OBJECT_CONVERSION = YES_AGGRESSIVE;
				CLANG_CXX_LANGUAGE_STANDARD = "gnu++14";
				CLANG_CXX_LIBRARY = "libc++";
				CLANG_ENABLE_MODULES = YES;
				CLANG_ENABLE_OBJC_ARC = YES;
				CLANG_WARN_BLOCK_CAPTURE_AUTORELEASING = YES;
				CLANG_WARN_BOOL_CONVERSION = YES;
				CLANG_WARN_COMMA = YES;
				CLANG_WARN_CONSTANT_CONVERSION = YES;
				CLANG_WARN_DIRECT_OBJC_ISA_USAGE = YES_ERROR;
				CLANG_WARN_DOCUMENTATION_COMMENTS = YES;
				CLANG_WARN_EMPTY_BODY = YES;
				CLANG_WARN_ENUM_CONVERSION = YES;
				CLANG_WARN_INFINITE_RECURSION = YES;
				CLANG_WARN_INT_CONVERSION = YES;
				CLANG_WARN_NON_LITERAL_NULL_CONVERSION = YES;
				CLANG_WARN_OBJC_LITERAL_CONVERSION = YES;
				CLANG_WARN_OBJC_ROOT_CLASS = YES_ERROR;
				CLANG_WARN_RANGE_LOOP_ANALYSIS = YES;
				CLANG_WARN_STRICT_PROTOTYPES = YES;
				CLANG_WARN_SUSPICIOUS_MOVE = YES;
				CLANG_WARN_UNGUARDED_AVAILABILITY = YES_AGGRESSIVE;
				CLANG_WARN_UNREACHABLE_CODE = YES;
				CLANG_WARN__DUPLICATE_METHOD_MATCH = YES;
				CODE_SIGN_IDENTITY = "iPhone Developer";
				COPY_PHASE_STRIP = NO;
				DEBUG_INFORMATION_FORMAT = "dwarf-with-dsym";
				ENABLE_NS_ASSERTIONS = NO;
				ENABLE_STRICT_OBJC_MSGSEND = YES;
				GCC_C_LANGUAGE_STANDARD = gnu11;
				GCC_NO_COMMON_BLOCKS = YES;
				GCC_WARN_64_TO_32_BIT_CONVERSION = YES;
				GCC_WARN_ABOUT_RETURN_TYPE = YES_ERROR;
				GCC_WARN_UNDECLARED_SELECTOR = YES;
				GCC_WARN_UNINITIALIZED_AUTOS = YES_AGGRESSIVE;
				GCC_WARN_UNUSED_FUNCTION = YES;
				GCC_WARN_UNUSED_VARIABLE = YES;
				IPHONEOS_DEPLOYMENT_TARGET = 11.2;
				MTL_ENABLE_DEBUG_INFO = NO;
				SDKROOT = iphoneos;
				SWIFT_OPTIMIZATION_LEVEL = "-Owholemodule";
				VALIDATE_PRODUCT = YES;
			};
			name = Release;
		};
		DB26EBA1206E171B00E87A7C /* Debug */ = {
			isa = XCBuildConfiguration;
			buildSettings = {
				ASSETCATALOG_COMPILER_APPICON_NAME = AppIcon;
				CLANG_ENABLE_MODULES = YES;
				CODE_SIGN_STYLE = Automatic;
				DEVELOPMENT_TEAM = 4YYVQ99F8A;
				INFOPLIST_FILE = DevLogger/Info.plist;
				LD_RUNPATH_SEARCH_PATHS = "$(inherited) @executable_path/Frameworks";
				PRODUCT_BUNDLE_IDENTIFIER = com.swiftApp.DevLogger;
				PRODUCT_NAME = "$(TARGET_NAME)";
				SWIFT_OBJC_BRIDGING_HEADER = "DevLogger/DevLogger-Bridging-Header.h";
				SWIFT_OPTIMIZATION_LEVEL = "-Onone";
				SWIFT_VERSION = 4.0;
				TARGETED_DEVICE_FAMILY = "1,2";
			};
			name = Debug;
		};
		DB26EBA2206E171B00E87A7C /* Release */ = {
			isa = XCBuildConfiguration;
			buildSettings = {
				ASSETCATALOG_COMPILER_APPICON_NAME = AppIcon;
				CLANG_ENABLE_MODULES = YES;
				CODE_SIGN_STYLE = Automatic;
				DEVELOPMENT_TEAM = 4YYVQ99F8A;
				INFOPLIST_FILE = DevLogger/Info.plist;
				LD_RUNPATH_SEARCH_PATHS = "$(inherited) @executable_path/Frameworks";
				PRODUCT_BUNDLE_IDENTIFIER = com.swiftApp.DevLogger;
				PRODUCT_NAME = "$(TARGET_NAME)";
				SWIFT_OBJC_BRIDGING_HEADER = "DevLogger/DevLogger-Bridging-Header.h";
				SWIFT_VERSION = 4.0;
				TARGETED_DEVICE_FAMILY = "1,2";
			};
			name = Release;
		};
/* End XCBuildConfiguration section */

/* Begin XCConfigurationList section */
		DB26EB89206E171B00E87A7C /* Build configuration list for PBXProject "DevLogger" */ = {
			isa = XCConfigurationList;
			buildConfigurations = (
				DB26EB9E206E171B00E87A7C /* Debug */,
				DB26EB9F206E171B00E87A7C /* Release */,
			);
			defaultConfigurationIsVisible = 0;
			defaultConfigurationName = Release;
		};
		DB26EBA0206E171B00E87A7C /* Build configuration list for PBXNativeTarget "DevLogger" */ = {
			isa = XCConfigurationList;
			buildConfigurations = (
				DB26EBA1206E171B00E87A7C /* Debug */,
				DB26EBA2206E171B00E87A7C /* Release */,
			);
			defaultConfigurationIsVisible = 0;
			defaultConfigurationName = Release;
		};
/* End XCConfigurationList section */
	};
	rootObject = DB26EB86206E171B00E87A7C /* Project object */;
}
